# THIS IS AN AUTOGENERATED FILE. DO NOT EDIT THIS FILE DIRECTLY.
# yarn lockfile v1


otplib@^11.0.1:
  version "11.0.1"
  resolved "https://registry.yarnpkg.com/otplib/-/otplib-11.0.1.tgz#7d64aa87029f07c99c7f96819fb10cdb67dea886"
  integrity sha512-oi57teljNyWTC/JqJztHOtSGeFNDiDh5C1myd+faocUtFAX27Sm1mbx69kpEJ8/JqrblI3kAm4Pqd6tZJoOIBQ==
  dependencies:
    thirty-two "1.0.2"

thirty-two@1.0.2:
  version "1.0.2"
  resolved "https://registry.yarnpkg.com/thirty-two/-/thirty-two-1.0.2.tgz#4ca2fffc02a51290d2744b9e3f557693ca6b627a"
  integrity sha1-TKL//AKlEpDSdEueP1V2k8prYno=
